// !$*UTF8*$!
{
	archiveVersion = 1;
	classes = {
	};
	objectVersion = 46;
	objects = {

/* Begin PBXBuildFile section */
		99B141D319E37DAB0065BE8B /* Foundation.framework in Frameworks */ = {isa = PBXBuildFile; fileRef = 99B141D219E37DAB0065BE8B /* Foundation.framework */; };
		99B141D519E37DAB0065BE8B /* CoreGraphics.framework in Frameworks */ = {isa = PBXBuildFile; fileRef = 99B141D419E37DAB0065BE8B /* CoreGraphics.framework */; };
		99B141D719E37DAB0065BE8B /* UIKit.framework in Frameworks */ = {isa = PBXBuildFile; fileRef = 99B141D619E37DAB0065BE8B /* UIKit.framework */; };
		99B141DD19E37DAB0065BE8B /* InfoPlist.strings in Resources */ = {isa = PBXBuildFile; fileRef = 99B141DB19E37DAB0065BE8B /* InfoPlist.strings */; };
		99B141DF19E37DAB0065BE8B /* main.m in Sources */ = {isa = PBXBuildFile; fileRef = 99B141DE19E37DAB0065BE8B /* main.m */; };
		99B141E319E37DAB0065BE8B /* AppDelegate.m in Sources */ = {isa = PBXBuildFile; fileRef = 99B141E219E37DAB0065BE8B /* AppDelegate.m */; };
		99B141E519E37DAB0065BE8B /* Images.xcassets in Resources */ = {isa = PBXBuildFile; fileRef = 99B141E419E37DAB0065BE8B /* Images.xcassets */; };
		99B141EC19E37DAB0065BE8B /* XCTest.framework in Frameworks */ = {isa = PBXBuildFile; fileRef = 99B141EB19E37DAB0065BE8B /* XCTest.framework */; };
		99B141ED19E37DAB0065BE8B /* Foundation.framework in Frameworks */ = {isa = PBXBuildFile; fileRef = 99B141D219E37DAB0065BE8B /* Foundation.framework */; };
		99B141EE19E37DAB0065BE8B /* UIKit.framework in Frameworks */ = {isa = PBXBuildFile; fileRef = 99B141D619E37DAB0065BE8B /* UIKit.framework */; };
		99B141F619E37DAB0065BE8B /* InfoPlist.strings in Resources */ = {isa = PBXBuildFile; fileRef = 99B141F419E37DAB0065BE8B /* InfoPlist.strings */; };
		99B141F819E37DAB0065BE8B /* huancunTests.m in Sources */ = {isa = PBXBuildFile; fileRef = 99B141F719E37DAB0065BE8B /* huancunTests.m */; };
/* End PBXBuildFile section */

/* Begin PBXContainerItemProxy section */
		99B141EF19E37DAB0065BE8B /* PBXContainerItemProxy */ = {
			isa = PBXContainerItemProxy;
			containerPortal = 99B141C719E37DAB0065BE8B /* Project object */;
			proxyType = 1;
			remoteGlobalIDString = 99B141CE19E37DAB0065BE8B;
			remoteInfo = huancun;
		};
/* End PBXContainerItemProxy section */

/* Begin PBXFileReference section */
		99B141CF19E37DAB0065BE8B /* huancun.app */ = {isa = PBXFileReference; explicitFileType = wrapper.application; includeInIndex = 0; path = huancun.app; sourceTree = BUILT_PRODUCTS_DIR; };
		99B141D219E37DAB0065BE8B /* Foundation.framework */ = {isa = PBXFileReference; lastKnownFileType = wrapper.framework; name = Foundation.framework; path = System/Library/Frameworks/Foundation.framework; sourceTree = SDKROOT; };
		99B141D419E37DAB0065BE8B /* CoreGraphics.framework */ = {isa = PBXFileReference; lastKnownFileType = wrapper.framework; name = CoreGraphics.framework; path = System/Library/Frameworks/CoreGraphics.framework; sourceTree = SDKROOT; };
		99B141D619E37DAB0065BE8B /* UIKit.framework */ = {isa = PBXFileReference; lastKnownFileType = wrapper.framework; name = UIKit.framework; path = System/Library/Frameworks/UIKit.framework; sourceTree = SDKROOT; };
		99B141DA19E37DAB0065BE8B /* huancun-Info.plist */ = {isa = PBXFileReference; lastKnownFileType = text.plist.xml; path = "huancun-Info.plist"; sourceTree = "<group>"; };
		99B141DC19E37DAB0065BE8B /* en */ = {isa = PBXFileReference; lastKnownFileType = text.plist.strings; name = en; path = en.lproj/InfoPlist.strings; sourceTree = "<group>"; };
		99B141DE19E37DAB0065BE8B /* main.m */ = {isa = PBXFileReference; lastKnownFileType = sourcecode.c.objc; path = main.m; sourceTree = "<group>"; };
		99B141E019E37DAB0065BE8B /* huancun-Prefix.pch */ = {isa = PBXFileReference; lastKnownFileType = sourcecode.c.h; path = "huancun-Prefix.pch"; sourceTree = "<group>"; };
		99B141E119E37DAB0065BE8B /* AppDelegate.h */ = {isa = PBXFileReference; lastKnownFileType = sourcecode.c.h; path = AppDelegate.h; sourceTree = "<group>"; };
		99B141E219E37DAB0065BE8B /* AppDelegate.m */ = {isa = PBXFileReference; lastKnownFileType = sourcecode.c.objc; path = AppDelegate.m; sourceTree = "<group>"; };
		99B141E419E37DAB0065BE8B /* Images.xcassets */ = {isa = PBXFileReference; lastKnownFileType = folder.assetcatalog; path = Images.xcassets; sourceTree = "<group>"; };
		99B141EA19E37DAB0065BE8B /* huancunTests.xctest */ = {isa = PBXFileReference; explicitFileType = wrapper.cfbundle; includeInIndex = 0; path = huancunTests.xctest; sourceTree = BUILT_PRODUCTS_DIR; };
		99B141EB19E37DAB0065BE8B /* XCTest.framework */ = {isa = PBXFileReference; lastKnownFileType = wrapper.framework; name = XCTest.framework; path = Library/Frameworks/XCTest.framework; sourceTree = DEVELOPER_DIR; };
		99B141F319E37DAB0065BE8B /* huancunTests-Info.plist */ = {isa = PBXFileReference; lastKnownFileType = text.plist.xml; path = "huancunTests-Info.plist"; sourceTree = "<group>"; };
		99B141F519E37DAB0065BE8B /* en */ = {isa = PBXFileReference; lastKnownFileType = text.plist.strings; name = en; path = en.lproj/InfoPlist.strings; sourceTree = "<group>"; };
		99B141F719E37DAB0065BE8B /* huancunTests.m */ = {isa = PBXFileReference; lastKnownFileType = sourcecode.c.objc; path = huancunTests.m; sourceTree = "<group>"; };
/* End PBXFileReference section */

/* Begin PBXFrameworksBuildPhase section */
		99B141CC19E37DAB0065BE8B /* Frameworks */ = {
			isa = PBXFrameworksBuildPhase;
			buildActionMask = 2147483647;
			files = (
				99B141D519E37DAB0065BE8B /* CoreGraphics.framework in Frameworks */,
				99B141D719E37DAB0065BE8B /* UIKit.framework in Frameworks */,
				99B141D319E37DAB0065BE8B /* Foundation.framework in Frameworks */,
			);
			runOnlyForDeploymentPostprocessing = 0;
		};
		99B141E719E37DAB0065BE8B /* Frameworks */ = {
			isa = PBXFrameworksBuildPhase;
			buildActionMask = 2147483647;
			files = (
				99B141EC19E37DAB0065BE8B /* XCTest.framework in Frameworks */,
				99B141EE19E37DAB0065BE8B /* UIKit.framework in Frameworks */,
				99B141ED19E37DAB0065BE8B /* Foundation.framework in Frameworks */,
			);
			runOnlyForDeploymentPostprocessing = 0;
		};
/* End PBXFrameworksBuildPhase section */

/* Begin PBXGroup section */
		99B141C619E37DAB0065BE8B = {
			isa = PBXGroup;
			children = (
				99B141D819E37DAB0065BE8B /* huancun */,
				99B141F119E37DAB0065BE8B /* huancunTests */,
				99B141D119E37DAB0065BE8B /* Frameworks */,
				99B141D019E37DAB0065BE8B /* Products */,
			);
			sourceTree = "<group>";
		};
		99B141D019E37DAB0065BE8B /* Products */ = {
			isa = PBXGroup;
			children = (
				99B141CF19E37DAB0065BE8B /* huancun.app */,
				99B141EA19E37DAB0065BE8B /* huancunTests.xctest */,
			);
			name = Products;
			sourceTree = "<group>";
		};
		99B141D119E37DAB0065BE8B /* Frameworks */ = {
			isa = PBXGroup;
			children = (
				99B141D219E37DAB0065BE8B /* Foundation.framework */,
				99B141D419E37DAB0065BE8B /* CoreGraphics.framework */,
				99B141D619E37DAB0065BE8B /* UIKit.framework */,
				99B141EB19E37DAB0065BE8B /* XCTest.framework */,
			);
			name = Frameworks;
			sourceTree = "<group>";
		};
		99B141D819E37DAB0065BE8B /* huancun */ = {
			isa = PBXGroup;
			children = (
				99B141E119E37DAB0065BE8B /* AppDelegate.h */,
				99B141E219E37DAB0065BE8B /* AppDelegate.m */,
				99B141E419E37DAB0065BE8B /* Images.xcassets */,
				99B141D919E37DAB0065BE8B /* Supporting Files */,
			);
			path = huancun;
			sourceTree = "<group>";
		};
		99B141D919E37DAB0065BE8B /* Supporting Files */ = {
			isa = PBXGroup;
			children = (
				99B141DA19E37DAB0065BE8B /* huancun-Info.plist */,
				99B141DB19E37DAB0065BE8B /* InfoPlist.strings */,
				99B141DE19E37DAB0065BE8B /* main.m */,
				99B141E019E37DAB0065BE8B /* huancun-Prefix.pch */,
			);
			name = "Supporting Files";
			sourceTree = "<group>";
		};
		99B141F119E37DAB0065BE8B /* huancunTests */ = {
			isa = PBXGroup;
			children = (
				99B141F719E37DAB0065BE8B /* huancunTests.m */,
				99B141F219E37DAB0065BE8B /* Supporting Files */,
			);
			path = huancunTests;
			sourceTree = "<group>";
		};
		99B141F219E37DAB0065BE8B /* Supporting Files */ = {
			isa = PBXGroup;
			children = (
				99B141F319E37DAB0065BE8B /* huancunTests-Info.plist */,
				99B141F419E37DAB0065BE8B /* InfoPlist.strings */,
			);
			name = "Supporting Files";
			sourceTree = "<group>";
		};
/* End PBXGroup section */

/* Begin PBXNativeTarget section */
		99B141CE19E37DAB0065BE8B /* huancun */ = {
			isa = PBXNativeTarget;
			buildConfigurationList = 99B141FB19E37DAB0065BE8B /* Build configuration list for PBXNativeTarget "huancun" */;
			buildPhases = (
				99B141CB19E37DAB0065BE8B /* Sources */,
				99B141CC19E37DAB0065BE8B /* Frameworks */,
				99B141CD19E37DAB0065BE8B /* Resources */,
			);
			buildRules = (
			);
			dependencies = (
			);
			name = huancun;
			productName = huancun;
			productReference = 99B141CF19E37DAB0065BE8B /* huancun.app */;
			productType = "com.apple.product-type.application";
		};
		99B141E919E37DAB0065BE8B /* huancunTests */ = {
			isa = PBXNativeTarget;
			buildConfigurationList = 99B141FE19E37DAB0065BE8B /* Build configuration list for PBXNativeTarget "huancunTests" */;
			buildPhases = (
				99B141E619E37DAB0065BE8B /* Sources */,
				99B141E719E37DAB0065BE8B /* Frameworks */,
				99B141E819E37DAB0065BE8B /* Resources */,
			);
			buildRules = (
			);
			dependencies = (
				99B141F019E37DAB0065BE8B /* PBXTargetDependency */,
			);
			name = huancunTests;
			productName = huancunTests;
			productReference = 99B141EA19E37DAB0065BE8B /* huancunTests.xctest */;
			productType = "com.apple.product-type.bundle.unit-test";
		};
/* End PBXNativeTarget section */

/* Begin PBXProject section */
		99B141C719E37DAB0065BE8B /* Project object */ = {
			isa = PBXProject;
			attributes = {
				LastUpgradeCheck = 0510;
				ORGANIZATIONNAME = hongSheng;
				TargetAttributes = {
					99B141E919E37DAB0065BE8B = {
						TestTargetID = 99B141CE19E37DAB0065BE8B;
					};
				};
			};
			buildConfigurationList = 99B141CA19E37DAB0065BE8B /* Build configuration list for PBXProject "huancun" */;
			compatibilityVersion = "Xcode 3.2";
			developmentRegion = English;
			hasScannedForEncodings = 0;
			knownRegions = (
				en,
			);
			mainGroup = 99B141C619E37DAB0065BE8B;
			productRefGroup = 99B141D019E37DAB0065BE8B /* Products */;
			projectDirPath = "";
			projectRoot = "";
			targets = (
				99B141CE19E37DAB0065BE8B /* huancun */,
				99B141E919E37DAB0065BE8B /* huancunTests */,
			);
		};
/* End PBXProject section */

/* Begin PBXResourcesBuildPhase section */
		99B141CD19E37DAB0065BE8B /* Resources */ = {
			isa = PBXResourcesBuildPhase;
			buildActionMask = 2147483647;
			files = (
				99B141DD19E37DAB0065BE8B /* InfoPlist.strings in Resources */,
				99B141E519E37DAB0065BE8B /* Images.xcassets in Resources */,
			);
			runOnlyForDeploymentPostprocessing = 0;
		};
		99B141E819E37DAB0065BE8B /* Resources */ = {
			isa = PBXResourcesBuildPhase;
			buildActionMask = 2147483647;
			files = (
				99B141F619E37DAB0065BE8B /* InfoPlist.strings in Resources */,
			);
			runOnlyForDeploymentPostprocessing = 0;
		};
/* End PBXResourcesBuildPhase section */

/* Begin PBXSourcesBuildPhase section */
		99B141CB19E37DAB0065BE8B /* Sources */ = {
			isa = PBXSourcesBuildPhase;
			buildActionMask = 2147483647;
			files = (
				99B141E319E37DAB0065BE8B /* AppDelegate.m in Sources */,
				99B141DF19E37DAB0065BE8B /* main.m in Sources */,
			);
			runOnlyForDeploymentPostprocessing = 0;
		};
		99B141E619E37DAB0065BE8B /* Sources */ = {
			isa = PBXSourcesBuildPhase;
			buildActionMask = 2147483647;
			files = (
				99B141F819E37DAB0065BE8B /* huancunTests.m in Sources */,
			);
			runOnlyForDeploymentPostprocessing = 0;
		};
/* End PBXSourcesBuildPhase section */

/* Begin PBXTargetDependency section */
		99B141F019E37DAB0065BE8B /* PBXTargetDependency */ = {
			isa = PBXTargetDependency;
			target = 99B141CE19E37DAB0065BE8B /* huancun */;
			targetProxy = 99B141EF19E37DAB0065BE8B /* PBXContainerItemProxy */;
		};
/* End PBXTargetDependency section */

/* Begin PBXVariantGroup section */
		99B141DB19E37DAB0065BE8B /* InfoPlist.strings */ = {
			isa = PBXVariantGroup;
			children = (
				99B141DC19E37DAB0065BE8B /* en */,
			);
			name = InfoPlist.strings;
			sourceTree = "<group>";
		};
		99B141F419E37DAB0065BE8B /* InfoPlist.strings */ = {
			isa = PBXVariantGroup;
			children = (
				99B141F519E37DAB0065BE8B /* en */,
			);
			name = InfoPlist.strings;
			sourceTree = "<group>";
		};
/* End PBXVariantGroup section */

/* Begin XCBuildConfiguration section */
		99B141F919E37DAB0065BE8B /* Debug */ = {
			isa = XCBuildConfiguration;
			buildSettings = {
				ALWAYS_SEARCH_USER_PATHS = NO;
				CLANG_CXX_LANGUAGE_STANDARD = "gnu++0x";
				CLANG_CXX_LIBRARY = "libc++";
				CLANG_ENABLE_MODULES = YES;
				CLANG_ENABLE_OBJC_ARC = YES;
				CLANG_WARN_BOOL_CONVERSION = YES;
				CLANG_WARN_CONSTANT_CONVERSION = YES;
				CLANG_WARN_DIRECT_OBJC_ISA_USAGE = YES_ERROR;
				CLANG_WARN_EMPTY_BODY = YES;
				CLANG_WARN_ENUM_CONVERSION = YES;
				CLANG_WARN_INT_CONVERSION = YES;
				CLANG_WARN_OBJC_ROOT_CLASS = YES_ERROR;
				CLANG_WARN__DUPLICATE_METHOD_MATCH = YES;
				"CODE_SIGN_IDENTITY[sdk=iphoneos*]" = "iPhone Developer";
				COPY_PHASE_STRIP = NO;
				GCC_C_LANGUAGE_STANDARD = gnu99;
				GCC_DYNAMIC_NO_PIC = NO;
				GCC_OPTIMIZATION_LEVEL = 0;
				GCC_PREPROCESSOR_DEFINITIONS = (
					"DEBUG=1",
					"$(inherited)",
				);
				GCC_SYMBOLS_PRIVATE_EXTERN = NO;
				GCC_WARN_64_TO_32_BIT_CONVERSION = YES;
				GCC_WARN_ABOUT_RETURN_TYPE = YES_ERROR;
				GCC_WARN_UNDECLARED_SELECTOR = YES;
				GCC_WARN_UNINITIALIZED_AUTOS = YES_AGGRESSIVE;
				GCC_WARN_UNUSED_FUNCTION = YES;
				GCC_WARN_UNUSED_VARIABLE = YES;
				IPHONEOS_DEPLOYMENT_TARGET = 7.1;
				ONLY_ACTIVE_ARCH = YES;
				SDKROOT = iphoneos;
			};
			name = Debug;
		};
		99B141FA19E37DAB0065BE8B /* Release */ = {
			isa = XCBuildConfiguration;
			buildSettings = {
				ALWAYS_SEARCH_USER_PATHS = NO;
				CLANG_CXX_LANGUAGE_STANDARD = "gnu++0x";
				CLANG_CXX_LIBRARY = "libc++";
				CLANG_ENABLE_MODULES = YES;
				CLANG_ENABLE_OBJC_ARC = YES;
				CLANG_WARN_BOOL_CONVERSION = YES;
				CLANG_WARN_CONSTANT_CONVERSION = YES;
				CLANG_WARN_DIRECT_OBJC_ISA_USAGE = YES_ERROR;
				CLANG_WARN_EMPTY_BODY = YES;
				CLANG_WARN_ENUM_CONVERSION = YES;
				CLANG_WARN_INT_CONVERSION = YES;
				CLANG_WARN_OBJC_ROOT_CLASS = YES_ERROR;
				CLANG_WARN__DUPLICATE_METHOD_MATCH = YES;
				"CODE_SIGN_IDENTITY[sdk=iphoneos*]" = "iPhone Developer";
				COPY_PHASE_STRIP = YES;
				ENABLE_NS_ASSERTIONS = NO;
				GCC_C_LANGUAGE_STANDARD = gnu99;
				GCC_WARN_64_TO_32_BIT_CONVERSION = YES;
				GCC_WARN_ABOUT_RETURN_TYPE = YES_ERROR;
				GCC_WARN_UNDECLARED_SELECTOR = YES;
				GCC_WARN_UNINITIALIZED_AUTOS = YES_AGGRESSIVE;
				GCC_WARN_UNUSED_FUNCTION = YES;
				GCC_WARN_UNUSED_VARIABLE = YES;
				IPHONEOS_DEPLOYMENT_TARGET = 7.1;
				SDKROOT = iphoneos;
				VALIDATE_PRODUCT = YES;
			};
			name = Release;
		};
		99B141FC19E37DAB0065BE8B /* Debug */ = {
			isa = XCBuildConfiguration;
			buildSettings = {
				ASSETCATALOG_COMPILER_APPICON_NAME = AppIcon;
				ASSETCATALOG_COMPILER_LAUNCHIMAGE_NAME = LaunchImage;
				GCC_PRECOMPILE_PREFIX_HEADER = YES;
				GCC_PREFIX_HEADER = "huancun/huancun-Prefix.pch";
				INFOPLIST_FILE = "huancun/huancun-Info.plist";
				PRODUCT_NAME = "$(TARGET_NAME)";
				WRAPPER_EXTENSION = app;
			};
			name = Debug;
		};
		99B141FD19E37DAB0065BE8B /* Release */ = {
			isa = XCBuildConfiguration;
			buildSettings = {
				ASSETCATALOG_COMPILER_APPICON_NAME = AppIcon;
				ASSETCATALOG_COMPILER_LAUNCHIMAGE_NAME = LaunchImage;
				GCC_PRECOMPILE_PREFIX_HEADER = YES;
				GCC_PREFIX_HEADER = "huancun/huancun-Prefix.pch";
				INFOPLIST_FILE = "huancun/huancun-Info.plist";
				PRODUCT_NAME = "$(TARGET_NAME)";
				WRAPPER_EXTENSION = app;
			};
			name = Release;
		};
		99B141FF19E37DAB0065BE8B /* Debug */ = {
			isa = XCBuildConfiguration;
			buildSettings = {
				BUNDLE_LOADER = "$(BUILT_PRODUCTS_DIR)/huancun.app/huancun";
				FRAMEWORK_SEARCH_PATHS = (
					"$(SDKROOT)/Developer/Library/Frameworks",
					"$(inherited)",
					"$(DEVELOPER_FRAMEWORKS_DIR)",
				);
				GCC_PRECOMPILE_PREFIX_HEADER = YES;
				GCC_PREFIX_HEADER = "huancun/huancun-Prefix.pch";
				GCC_PREPROCESSOR_DEFINITIONS = (
					"DEBUG=1",
					"$(inherited)",
				);
				INFOPLIST_FILE = "huancunTests/huancunTests-Info.plist";
				PRODUCT_NAME = "$(TARGET_NAME)";
				TEST_HOST = "$(BUNDLE_LOADER)";
				WRAPPER_EXTENSION = xctest;
			};
			name = Debug;
		};
		99B1420019E37DAB0065BE8B /* Release */ = {
			isa = XCBuildConfiguration;
			buildSettings = {
				BUNDLE_LOADER = "$(BUILT_PRODUCTS_DIR)/huancun.app/huancun";
				FRAMEWORK_SEARCH_PATHS = (
					"$(SDKROOT)/Developer/Library/Frameworks",
					"$(inherited)",
					"$(DEVELOPER_FRAMEWORKS_DIR)",
				);
				GCC_PRECOMPILE_PREFIX_HEADER = YES;
				GCC_PREFIX_HEADER = "huancun/huancun-Prefix.pch";
				INFOPLIST_FILE = "huancunTests/huancunTests-Info.plist";
				PRODUCT_NAME = "$(TARGET_NAME)";
				TEST_HOST = "$(BUNDLE_LOADER)";
				WRAPPER_EXTENSION = xctest;
			};
			name = Release;
		};
/* End XCBuildConfiguration section */

/* Begin XCConfigurationList section */
		99B141CA19E37DAB0065BE8B /* Build configuration list for PBXProject "huancun" */ = {
			isa = XCConfigurationList;
			buildConfigurations = (
				99B141F919E37DAB0065BE8B /* Debug */,
				99B141FA19E37DAB0065BE8B /* Release */,
			);
			defaultConfigurationIsVisible = 0;
			defaultConfigurationName = Release;
		};
		99B141FB19E37DAB0065BE8B /* Build configuration list for PBXNativeTarget "huancun" */ = {
			isa = XCConfigurationList;
			buildConfigurations = (
				99B141FC19E37DAB0065BE8B /* Debug */,
				99B141FD19E37DAB0065BE8B /* Release */,
			);
			defaultConfigurationIsVisible = 0;
		};
		99B141FE19E37DAB0065BE8B /* Build configuration list for PBXNativeTarget "huancunTests" */ = {
			isa = XCConfigurationList;
			buildConfigurations = (
				99B141FF19E37DAB0065BE8B /* Debug */,
				99B1420019E37DAB0065BE8B /* Release */,
			);
			defaultConfigurationIsVisible = 0;
		};
/* End XCConfigurationList section */
	};
	rootObject = 99B141C719E37DAB0065BE8B /* Project object */;
}
